
Microsoft Visual Studio Solution File, Format Version 12.00
# Visual Studio Version 16
VisualStudioVersion = 16.0.31205.134
MinimumVisualStudioVersion = 10.0.40219.1
Project("{FAE04EC0-301F-11D3-BF4B-00C04F79EFBC}") = "HashTables", "HashTables\HashTables.csproj", "{400B52C9-C72A-47D1-9371-4696C1E369B6}"
EndProject
Global
	GlobalSection(SolutionConfigurationPlatforms) = preSolution
		Debug|Any CPU = Debug|Any CPU
		Release|Any CPU = Release|Any CPU
	EndGlobalSection
	GlobalSection(ProjectConfigurationPlatforms) = postSolution
		{400B52C9-C72A-47D1-9371-4696C1E369B6}.Debug|Any CPU.ActiveCfg = Debug|Any CPU
		{400B52C9-C72A-47D1-9371-4696C1E369B6}.Debug|Any CPU.Build.0 = Debug|Any CPU
		{400B52C9-C72A-47D1-9371-4696C1E369B6}.Release|Any CPU.ActiveCfg = Release|Any CPU
		{400B52C9-C72A-47D1-9371-4696C1E369B6}.Release|Any CPU.Build.0 = Release|Any CPU
	EndGlobalSection
	GlobalSection(SolutionProperties) = preSolution
		HideSolutionNode = FALSE
	EndGlobalSection
	GlobalSection(ExtensibilityGlobals) = postSolution
		SolutionGuid = {B8F00E4D-D573-4CDF-95DA-C366E29D3EEE}
	EndGlobalSection
EndGlobal
